// !$*UTF8*$!
{
	archiveVersion = 1;
	classes = {
	};
	objectVersion = 56;
	objects = {

/* Begin PBXBuildFile section */
		CF1B9AEF2B6FBAB900A7585E /* SoundManager.swift in Sources */ = {isa = PBXBuildFile; fileRef = CF1B9AEE2B6FBAB900A7585E /* SoundManager.swift */; };
		CF334BAB2B6F0945005A3B5C /* SettingsView.swift in Sources */ = {isa = PBXBuildFile; fileRef = CF334BAA2B6F0945005A3B5C /* SettingsView.swift */; };
		CF334BAD2B6F0B65005A3B5C /* SettingsManager.swift in Sources */ = {isa = PBXBuildFile; fileRef = CF334BAC2B6F0B65005A3B5C /* SettingsManager.swift */; };
		CF334BAF2B6F1446005A3B5C /* SoundSelectionView.swift in Sources */ = {isa = PBXBuildFile; fileRef = CF334BAE2B6F1446005A3B5C /* SoundSelectionView.swift */; };
		CF334BB12B6F2F0A005A3B5C /* ImageManager.swift in Sources */ = {isa = PBXBuildFile; fileRef = CF334BB02B6F2F0A005A3B5C /* ImageManager.swift */; };
		CF334BB32B6F4231005A3B5C /* TimerManager.swift in Sources */ = {isa = PBXBuildFile; fileRef = CF334BB22B6F4231005A3B5C /* TimerManager.swift */; };
		CF72341B2B82320F00F47FC5 /* DateView.swift in Sources */ = {isa = PBXBuildFile; fileRef = CF72341A2B82320F00F47FC5 /* DateView.swift */; };
		CF72341D2B82324D00F47FC5 /* WeatherView.swift in Sources */ = {isa = PBXBuildFile; fileRef = CF72341C2B82324D00F47FC5 /* WeatherView.swift */; };
		CF8841AD2B6FF47500A55D6F /* ClockView.swift in Sources */ = {isa = PBXBuildFile; fileRef = CF8841AC2B6FF47500A55D6F /* ClockView.swift */; };
		CF8EF6412B702E1000915B8E /* Dreaming.mp3 in Resources */ = {isa = PBXBuildFile; fileRef = CF8EF6402B702E1000915B8E /* Dreaming.mp3 */; };
		CF8EF6432B702E2200915B8E /* Stream.mp3 in Resources */ = {isa = PBXBuildFile; fileRef = CF8EF6422B702E2200915B8E /* Stream.mp3 */; };
		CF8EF6452B702E2C00915B8E /* River.mp3 in Resources */ = {isa = PBXBuildFile; fileRef = CF8EF6442B702E2C00915B8E /* River.mp3 */; };
		CF8EF6482B702E4D00915B8E /* Flute.mp3 in Resources */ = {isa = PBXBuildFile; fileRef = CF8EF6472B702E4D00915B8E /* Flute.mp3 */; };
		CF8EF64A2B702E5A00915B8E /* Chords.mp3 in Resources */ = {isa = PBXBuildFile; fileRef = CF8EF6492B702E5A00915B8E /* Chords.mp3 */; };
		CF8EF64C2B702E8100915B8E /* Minor.mp3 in Resources */ = {isa = PBXBuildFile; fileRef = CF8EF64B2B702E8100915B8E /* Minor.mp3 */; };
		CF8EF64E2B702EC500915B8E /* Space.mp3 in Resources */ = {isa = PBXBuildFile; fileRef = CF8EF64D2B702EC500915B8E /* Space.mp3 */; };
		CF8EF6502B702ED600915B8E /* Farm.mp3 in Resources */ = {isa = PBXBuildFile; fileRef = CF8EF64F2B702ED600915B8E /* Farm.mp3 */; };
		CF8EF6522B702EE100915B8E /* Piano.mp3 in Resources */ = {isa = PBXBuildFile; fileRef = CF8EF6512B702EE100915B8E /* Piano.mp3 */; };
		CF8EF6542B702EFD00915B8E /* Forest.mp3 in Resources */ = {isa = PBXBuildFile; fileRef = CF8EF6532B702EFD00915B8E /* Forest.mp3 */; };
		CF8EF6562B702F0A00915B8E /* Birds.mp3 in Resources */ = {isa = PBXBuildFile; fileRef = CF8EF6552B702F0A00915B8E /* Birds.mp3 */; };
		CF8EF6582B702F1800915B8E /* Piano2.mp3 in Resources */ = {isa = PBXBuildFile; fileRef = CF8EF6572B702F1800915B8E /* Piano2.mp3 */; };
		CF8EF65A2B702F2B00915B8E /* Bells.mp3 in Resources */ = {isa = PBXBuildFile; fileRef = CF8EF6592B702F2B00915B8E /* Bells.mp3 */; };
		CF8EF65C2B702F5300915B8E /* RunningWater.mp3 in Resources */ = {isa = PBXBuildFile; fileRef = CF8EF65B2B702F5300915B8E /* RunningWater.mp3 */; };
		CF8EF65E2B702F5800915B8E /* ForestRain.mp3 in Resources */ = {isa = PBXBuildFile; fileRef = CF8EF65D2B702F5800915B8E /* ForestRain.mp3 */; };
		CF8EF6602B702F6900915B8E /* EveningBirds.mp3 in Resources */ = {isa = PBXBuildFile; fileRef = CF8EF65F2B702F6900915B8E /* EveningBirds.mp3 */; };
		CF8EF6622B703C9500915B8E /* SoundSelectionViewModel.swift in Sources */ = {isa = PBXBuildFile; fileRef = CF8EF6612B703C9500915B8E /* SoundSelectionViewModel.swift */; };
		CF9E35DD2B70094900DDAD76 /* LightRain.mp3 in Resources */ = {isa = PBXBuildFile; fileRef = CF9E35DB2B70094900DDAD76 /* LightRain.mp3 */; };
		CF9E35DE2B70094900DDAD76 /* Uplifting.mp3 in Resources */ = {isa = PBXBuildFile; fileRef = CF9E35DC2B70094900DDAD76 /* Uplifting.mp3 */; };
		CFDFD9FD2B6E719900C8336E /* Bedside_HubApp.swift in Sources */ = {isa = PBXBuildFile; fileRef = CFDFD9FC2B6E719900C8336E /* Bedside_HubApp.swift */; };
		CFDFD9FF2B6E719900C8336E /* ContentView.swift in Sources */ = {isa = PBXBuildFile; fileRef = CFDFD9FE2B6E719900C8336E /* ContentView.swift */; };
		CFDFDA012B6E719B00C8336E /* Assets.xcassets in Resources */ = {isa = PBXBuildFile; fileRef = CFDFDA002B6E719B00C8336E /* Assets.xcassets */; };
		CFDFDA042B6E719B00C8336E /* Preview Assets.xcassets in Resources */ = {isa = PBXBuildFile; fileRef = CFDFDA032B6E719B00C8336E /* Preview Assets.xcassets */; };
		CFDFDA0E2B6E719B00C8336E /* Bedside_HubTests.swift in Sources */ = {isa = PBXBuildFile; fileRef = CFDFDA0D2B6E719B00C8336E /* Bedside_HubTests.swift */; };
		CFDFDA182B6E719B00C8336E /* Bedside_HubUITests.swift in Sources */ = {isa = PBXBuildFile; fileRef = CFDFDA172B6E719B00C8336E /* Bedside_HubUITests.swift */; };
		CFDFDA1A2B6E719B00C8336E /* Bedside_HubUITestsLaunchTests.swift in Sources */ = {isa = PBXBuildFile; fileRef = CFDFDA192B6E719B00C8336E /* Bedside_HubUITestsLaunchTests.swift */; };
		CFDFDA272B6EA36400C8336E /* WeatherService.swift in Sources */ = {isa = PBXBuildFile; fileRef = CFDFDA262B6EA36400C8336E /* WeatherService.swift */; };
		CFDFDA292B6EB52B00C8336E /* WeatherConditionMapper.swift in Sources */ = {isa = PBXBuildFile; fileRef = CFDFDA282B6EB52B00C8336E /* WeatherConditionMapper.swift */; };
		CFDFDA2C2B6EBFC600C8336E /* OpenMeteoSdk in Frameworks */ = {isa = PBXBuildFile; productRef = CFDFDA2B2B6EBFC600C8336E /* OpenMeteoSdk */; };
		CFFA13D12B7AD70D006D5B42 /* Collections in Frameworks */ = {isa = PBXBuildFile; productRef = CFFA13D02B7AD70D006D5B42 /* Collections */; };
		CFFA13D32B7AFEFA006D5B42 /* Game.mp3 in Resources */ = {isa = PBXBuildFile; fileRef = CFFA13D22B7AFEFA006D5B42 /* Game.mp3 */; };
		CFFA13D62B7AFF28006D5B42 /* City.mp3 in Resources */ = {isa = PBXBuildFile; fileRef = CFFA13D52B7AFF28006D5B42 /* City.mp3 */; };
		CFFA13D82B7AFF3E006D5B42 /* Cafe.mp3 in Resources */ = {isa = PBXBuildFile; fileRef = CFFA13D72B7AFF3E006D5B42 /* Cafe.mp3 */; };
		CFFA13DA2B7AFF5E006D5B42 /* Office.mp3 in Resources */ = {isa = PBXBuildFile; fileRef = CFFA13D92B7AFF5E006D5B42 /* Office.mp3 */; };
		CFFA13DC2B7AFF6C006D5B42 /* Snoring.mp3 in Resources */ = {isa = PBXBuildFile; fileRef = CFFA13DB2B7AFF6C006D5B42 /* Snoring.mp3 */; };
		CFFA13DE2B7AFF76006D5B42 /* AirConditioner.mp3 in Resources */ = {isa = PBXBuildFile; fileRef = CFFA13DD2B7AFF76006D5B42 /* AirConditioner.mp3 */; };
		CFFA13E02B7AFF9B006D5B42 /* Fireplace.mp3 in Resources */ = {isa = PBXBuildFile; fileRef = CFFA13DF2B7AFF9B006D5B42 /* Fireplace.mp3 */; };
		CFFA13E22B7AFFA4006D5B42 /* Wind.mp3 in Resources */ = {isa = PBXBuildFile; fileRef = CFFA13E12B7AFFA4006D5B42 /* Wind.mp3 */; };
		CFFA13E42B7AFFC0006D5B42 /* Crickets.mp3 in Resources */ = {isa = PBXBuildFile; fileRef = CFFA13E32B7AFFC0006D5B42 /* Crickets.mp3 */; };
		CFFA13E62B7B0019006D5B42 /* Nightscape.mp3 in Resources */ = {isa = PBXBuildFile; fileRef = CFFA13E52B7B0019006D5B42 /* Nightscape.mp3 */; };
/* End PBXBuildFile section */

/* Begin PBXContainerItemProxy section */
		CFDFDA0A2B6E719B00C8336E /* PBXContainerItemProxy */ = {
			isa = PBXContainerItemProxy;
			containerPortal = CFDFD9F12B6E719900C8336E /* Project object */;
			proxyType = 1;
			remoteGlobalIDString = CFDFD9F82B6E719900C8336E;
			remoteInfo = "Bedside Hub";
		};
		CFDFDA142B6E719B00C8336E /* PBXContainerItemProxy */ = {
			isa = PBXContainerItemProxy;
			containerPortal = CFDFD9F12B6E719900C8336E /* Project object */;
			proxyType = 1;
			remoteGlobalIDString = CFDFD9F82B6E719900C8336E;
			remoteInfo = "Bedside Hub";
		};
/* End PBXContainerItemProxy section */

/* Begin PBXFileReference section */
		CF1B9AEE2B6FBAB900A7585E /* SoundManager.swift */ = {isa = PBXFileReference; lastKnownFileType = sourcecode.swift; path = SoundManager.swift; sourceTree = "<group>"; };
		CF334BAA2B6F0945005A3B5C /* SettingsView.swift */ = {isa = PBXFileReference; lastKnownFileType = sourcecode.swift; path = SettingsView.swift; sourceTree = "<group>"; };
		CF334BAC2B6F0B65005A3B5C /* SettingsManager.swift */ = {isa = PBXFileReference; lastKnownFileType = sourcecode.swift; path = SettingsManager.swift; sourceTree = "<group>"; };
		CF334BAE2B6F1446005A3B5C /* SoundSelectionView.swift */ = {isa = PBXFileReference; lastKnownFileType = sourcecode.swift; path = SoundSelectionView.swift; sourceTree = "<group>"; };
		CF334BB02B6F2F0A005A3B5C /* ImageManager.swift */ = {isa = PBXFileReference; lastKnownFileType = sourcecode.swift; path = ImageManager.swift; sourceTree = "<group>"; };
		CF334BB22B6F4231005A3B5C /* TimerManager.swift */ = {isa = PBXFileReference; lastKnownFileType = sourcecode.swift; path = TimerManager.swift; sourceTree = "<group>"; };
		CF72341A2B82320F00F47FC5 /* DateView.swift */ = {isa = PBXFileReference; lastKnownFileType = sourcecode.swift; path = DateView.swift; sourceTree = "<group>"; };
		CF72341C2B82324D00F47FC5 /* WeatherView.swift */ = {isa = PBXFileReference; lastKnownFileType = sourcecode.swift; path = WeatherView.swift; sourceTree = "<group>"; };
		CF72341E2B8234DC00F47FC5 /* Bedside-Hub-Info.plist */ = {isa = PBXFileReference; lastKnownFileType = text.plist; path = "Bedside-Hub-Info.plist"; sourceTree = SOURCE_ROOT; };
		CF8841AC2B6FF47500A55D6F /* ClockView.swift */ = {isa = PBXFileReference; lastKnownFileType = sourcecode.swift; path = ClockView.swift; sourceTree = "<group>"; };
		CF8EF6402B702E1000915B8E /* Dreaming.mp3 */ = {isa = PBXFileReference; lastKnownFileType = audio.mp3; path = Dreaming.mp3; sourceTree = "<group>"; };
		CF8EF6422B702E2200915B8E /* Stream.mp3 */ = {isa = PBXFileReference; lastKnownFileType = audio.mp3; path = Stream.mp3; sourceTree = "<group>"; };
		CF8EF6442B702E2C00915B8E /* River.mp3 */ = {isa = PBXFileReference; lastKnownFileType = audio.mp3; path = River.mp3; sourceTree = "<group>"; };
		CF8EF6472B702E4D00915B8E /* Flute.mp3 */ = {isa = PBXFileReference; lastKnownFileType = audio.mp3; path = Flute.mp3; sourceTree = "<group>"; };
		CF8EF6492B702E5A00915B8E /* Chords.mp3 */ = {isa = PBXFileReference; lastKnownFileType = audio.mp3; path = Chords.mp3; sourceTree = "<group>"; };
		CF8EF64B2B702E8100915B8E /* Minor.mp3 */ = {isa = PBXFileReference; lastKnownFileType = audio.mp3; path = Minor.mp3; sourceTree = "<group>"; };
		CF8EF64D2B702EC500915B8E /* Space.mp3 */ = {isa = PBXFileReference; lastKnownFileType = audio.mp3; path = Space.mp3; sourceTree = "<group>"; };
		CF8EF64F2B702ED600915B8E /* Farm.mp3 */ = {isa = PBXFileReference; lastKnownFileType = audio.mp3; path = Farm.mp3; sourceTree = "<group>"; };
		CF8EF6512B702EE100915B8E /* Piano.mp3 */ = {isa = PBXFileReference; lastKnownFileType = audio.mp3; path = Piano.mp3; sourceTree = "<group>"; };
		CF8EF6532B702EFD00915B8E /* Forest.mp3 */ = {isa = PBXFileReference; lastKnownFileType = audio.mp3; path = Forest.mp3; sourceTree = "<group>"; };
		CF8EF6552B702F0A00915B8E /* Birds.mp3 */ = {isa = PBXFileReference; lastKnownFileType = audio.mp3; path = Birds.mp3; sourceTree = "<group>"; };
		CF8EF6572B702F1800915B8E /* Piano2.mp3 */ = {isa = PBXFileReference; lastKnownFileType = audio.mp3; path = Piano2.mp3; sourceTree = "<group>"; };
		CF8EF6592B702F2B00915B8E /* Bells.mp3 */ = {isa = PBXFileReference; lastKnownFileType = audio.mp3; path = Bells.mp3; sourceTree = "<group>"; };
		CF8EF65B2B702F5300915B8E /* RunningWater.mp3 */ = {isa = PBXFileReference; lastKnownFileType = audio.mp3; path = RunningWater.mp3; sourceTree = "<group>"; };
		CF8EF65D2B702F5800915B8E /* ForestRain.mp3 */ = {isa = PBXFileReference; lastKnownFileType = audio.mp3; path = ForestRain.mp3; sourceTree = "<group>"; };
		CF8EF65F2B702F6900915B8E /* EveningBirds.mp3 */ = {isa = PBXFileReference; lastKnownFileType = audio.mp3; path = EveningBirds.mp3; sourceTree = "<group>"; };
		CF8EF6612B703C9500915B8E /* SoundSelectionViewModel.swift */ = {isa = PBXFileReference; lastKnownFileType = sourcecode.swift; path = SoundSelectionViewModel.swift; sourceTree = "<group>"; };
		CF9E35DB2B70094900DDAD76 /* LightRain.mp3 */ = {isa = PBXFileReference; lastKnownFileType = audio.mp3; path = LightRain.mp3; sourceTree = "<group>"; };
		CF9E35DC2B70094900DDAD76 /* Uplifting.mp3 */ = {isa = PBXFileReference; lastKnownFileType = audio.mp3; name = Uplifting.mp3; path = Sound/Texture/Uplifting.mp3; sourceTree = SOURCE_ROOT; };
		CFDFD9F92B6E719900C8336E /* Bedside Hub.app */ = {isa = PBXFileReference; explicitFileType = wrapper.application; includeInIndex = 0; path = "Bedside Hub.app"; sourceTree = BUILT_PRODUCTS_DIR; };
		CFDFD9FC2B6E719900C8336E /* Bedside_HubApp.swift */ = {isa = PBXFileReference; lastKnownFileType = sourcecode.swift; path = Bedside_HubApp.swift; sourceTree = "<group>"; };
		CFDFD9FE2B6E719900C8336E /* ContentView.swift */ = {isa = PBXFileReference; lastKnownFileType = sourcecode.swift; path = ContentView.swift; sourceTree = "<group>"; };
		CFDFDA002B6E719B00C8336E /* Assets.xcassets */ = {isa = PBXFileReference; lastKnownFileType = folder.assetcatalog; path = Assets.xcassets; sourceTree = "<group>"; };
		CFDFDA032B6E719B00C8336E /* Preview Assets.xcassets */ = {isa = PBXFileReference; lastKnownFileType = folder.assetcatalog; path = "Preview Assets.xcassets"; sourceTree = "<group>"; };
		CFDFDA092B6E719B00C8336E /* Bedside HubTests.xctest */ = {isa = PBXFileReference; explicitFileType = wrapper.cfbundle; includeInIndex = 0; path = "Bedside HubTests.xctest"; sourceTree = BUILT_PRODUCTS_DIR; };
		CFDFDA0D2B6E719B00C8336E /* Bedside_HubTests.swift */ = {isa = PBXFileReference; lastKnownFileType = sourcecode.swift; path = Bedside_HubTests.swift; sourceTree = "<group>"; };
		CFDFDA132B6E719B00C8336E /* Bedside HubUITests.xctest */ = {isa = PBXFileReference; explicitFileType = wrapper.cfbundle; includeInIndex = 0; path = "Bedside HubUITests.xctest"; sourceTree = BUILT_PRODUCTS_DIR; };
		CFDFDA172B6E719B00C8336E /* Bedside_HubUITests.swift */ = {isa = PBXFileReference; lastKnownFileType = sourcecode.swift; path = Bedside_HubUITests.swift; sourceTree = "<group>"; };
		CFDFDA192B6E719B00C8336E /* Bedside_HubUITestsLaunchTests.swift */ = {isa = PBXFileReference; lastKnownFileType = sourcecode.swift; path = Bedside_HubUITestsLaunchTests.swift; sourceTree = "<group>"; };
		CFDFDA262B6EA36400C8336E /* WeatherService.swift */ = {isa = PBXFileReference; lastKnownFileType = sourcecode.swift; path = WeatherService.swift; sourceTree = "<group>"; };
		CFDFDA282B6EB52B00C8336E /* WeatherConditionMapper.swift */ = {isa = PBXFileReference; lastKnownFileType = sourcecode.swift; path = WeatherConditionMapper.swift; sourceTree = "<group>"; };
		CFFA13D22B7AFEFA006D5B42 /* Game.mp3 */ = {isa = PBXFileReference; lastKnownFileType = audio.mp3; path = Game.mp3; sourceTree = "<group>"; };
		CFFA13D52B7AFF28006D5B42 /* City.mp3 */ = {isa = PBXFileReference; lastKnownFileType = audio.mp3; path = City.mp3; sourceTree = "<group>"; };
		CFFA13D72B7AFF3E006D5B42 /* Cafe.mp3 */ = {isa = PBXFileReference; lastKnownFileType = audio.mp3; path = Cafe.mp3; sourceTree = "<group>"; };
		CFFA13D92B7AFF5E006D5B42 /* Office.mp3 */ = {isa = PBXFileReference; lastKnownFileType = audio.mp3; path = Office.mp3; sourceTree = "<group>"; };
		CFFA13DB2B7AFF6C006D5B42 /* Snoring.mp3 */ = {isa = PBXFileReference; lastKnownFileType = audio.mp3; path = Snoring.mp3; sourceTree = "<group>"; };
		CFFA13DD2B7AFF76006D5B42 /* AirConditioner.mp3 */ = {isa = PBXFileReference; lastKnownFileType = audio.mp3; path = AirConditioner.mp3; sourceTree = "<group>"; };
		CFFA13DF2B7AFF9B006D5B42 /* Fireplace.mp3 */ = {isa = PBXFileReference; lastKnownFileType = audio.mp3; path = Fireplace.mp3; sourceTree = "<group>"; };
		CFFA13E12B7AFFA4006D5B42 /* Wind.mp3 */ = {isa = PBXFileReference; lastKnownFileType = audio.mp3; path = Wind.mp3; sourceTree = "<group>"; };
		CFFA13E32B7AFFC0006D5B42 /* Crickets.mp3 */ = {isa = PBXFileReference; lastKnownFileType = audio.mp3; path = Crickets.mp3; sourceTree = "<group>"; };
		CFFA13E52B7B0019006D5B42 /* Nightscape.mp3 */ = {isa = PBXFileReference; lastKnownFileType = audio.mp3; path = Nightscape.mp3; sourceTree = "<group>"; };
/* End PBXFileReference section */

/* Begin PBXFrameworksBuildPhase section */
		CFDFD9F62B6E719900C8336E /* Frameworks */ = {
			isa = PBXFrameworksBuildPhase;
			buildActionMask = 2147483647;
			files = (
				CFFA13D12B7AD70D006D5B42 /* Collections in Frameworks */,
				CFDFDA2C2B6EBFC600C8336E /* OpenMeteoSdk in Frameworks */,
			);
			runOnlyForDeploymentPostprocessing = 0;
		};
		CFDFDA062B6E719B00C8336E /* Frameworks */ = {
			isa = PBXFrameworksBuildPhase;
			buildActionMask = 2147483647;
			files = (
			);
			runOnlyForDeploymentPostprocessing = 0;
		};
		CFDFDA102B6E719B00C8336E /* Frameworks */ = {
			isa = PBXFrameworksBuildPhase;
			buildActionMask = 2147483647;
			files = (
			);
			runOnlyForDeploymentPostprocessing = 0;
		};
/* End PBXFrameworksBuildPhase section */

/* Begin PBXGroup section */
		CF8EF6462B702E4500915B8E /* Melodies */ = {
			isa = PBXGroup;
			children = (
				CF8EF6492B702E5A00915B8E /* Chords.mp3 */,
				CF8EF6512B702EE100915B8E /* Piano.mp3 */,
				CF8EF6572B702F1800915B8E /* Piano2.mp3 */,
				CF8EF6592B702F2B00915B8E /* Bells.mp3 */,
				CF8EF6472B702E4D00915B8E /* Flute.mp3 */,
				CFFA13D22B7AFEFA006D5B42 /* Game.mp3 */,
			);
			path = Melodies;
			sourceTree = "<group>";
		};
		CF9E35DF2B70095B00DDAD76 /* Sound */ = {
			isa = PBXGroup;
			children = (
				CFFA13D42B7AFF19006D5B42 /* Indoor */,
				CF8EF6462B702E4500915B8E /* Melodies */,
				CF9E35E12B70096800DDAD76 /* Texture */,
				CF9E35E02B70096100DDAD76 /* Nature */,
			);
			path = Sound;
			sourceTree = "<group>";
		};
		CF9E35E02B70096100DDAD76 /* Nature */ = {
			isa = PBXGroup;
			children = (
				CFFA13E32B7AFFC0006D5B42 /* Crickets.mp3 */,
				CFFA13E52B7B0019006D5B42 /* Nightscape.mp3 */,
				CFFA13E12B7AFFA4006D5B42 /* Wind.mp3 */,
				CF8EF65F2B702F6900915B8E /* EveningBirds.mp3 */,
				CF8EF65D2B702F5800915B8E /* ForestRain.mp3 */,
				CF8EF65B2B702F5300915B8E /* RunningWater.mp3 */,
				CF8EF6552B702F0A00915B8E /* Birds.mp3 */,
				CF8EF6532B702EFD00915B8E /* Forest.mp3 */,
				CF8EF64F2B702ED600915B8E /* Farm.mp3 */,
				CF8EF6442B702E2C00915B8E /* River.mp3 */,
				CF8EF6422B702E2200915B8E /* Stream.mp3 */,
				CF9E35DB2B70094900DDAD76 /* LightRain.mp3 */,
			);
			path = Nature;
			sourceTree = "<group>";
		};
		CF9E35E12B70096800DDAD76 /* Texture */ = {
			isa = PBXGroup;
			children = (
				CF8EF64D2B702EC500915B8E /* Space.mp3 */,
				CF8EF64B2B702E8100915B8E /* Minor.mp3 */,
				CF8EF6402B702E1000915B8E /* Dreaming.mp3 */,
				CF9E35DC2B70094900DDAD76 /* Uplifting.mp3 */,
			);
			path = Texture;
			sourceTree = "<group>";
		};
		CFDFD9F02B6E719900C8336E = {
			isa = PBXGroup;
			children = (
				CF9E35DF2B70095B00DDAD76 /* Sound */,
				CFDFD9FB2B6E719900C8336E /* Bedside Hub */,
				CFDFDA0C2B6E719B00C8336E /* Bedside HubTests */,
				CFDFDA162B6E719B00C8336E /* Bedside HubUITests */,
				CFDFD9FA2B6E719900C8336E /* Products */,
			);
			sourceTree = "<group>";
		};
		CFDFD9FA2B6E719900C8336E /* Products */ = {
			isa = PBXGroup;
			children = (
				CFDFD9F92B6E719900C8336E /* Bedside Hub.app */,
				CFDFDA092B6E719B00C8336E /* Bedside HubTests.xctest */,
				CFDFDA132B6E719B00C8336E /* Bedside HubUITests.xctest */,
			);
			name = Products;
			sourceTree = "<group>";
		};
		CFDFD9FB2B6E719900C8336E /* Bedside Hub */ = {
			isa = PBXGroup;
			children = (
				CF72341E2B8234DC00F47FC5 /* Bedside-Hub-Info.plist */,
				CF8841AC2B6FF47500A55D6F /* ClockView.swift */,
				CF334BB22B6F4231005A3B5C /* TimerManager.swift */,
				CFDFD9FE2B6E719900C8336E /* ContentView.swift */,
				CF72341C2B82324D00F47FC5 /* WeatherView.swift */,
				CF72341A2B82320F00F47FC5 /* DateView.swift */,
				CFDFDA262B6EA36400C8336E /* WeatherService.swift */,
				CF334BB02B6F2F0A005A3B5C /* ImageManager.swift */,
				CF1B9AEE2B6FBAB900A7585E /* SoundManager.swift */,
				CF334BAA2B6F0945005A3B5C /* SettingsView.swift */,
				CF8EF6612B703C9500915B8E /* SoundSelectionViewModel.swift */,
				CFDFDA002B6E719B00C8336E /* Assets.xcassets */,
				CFDFDA022B6E719B00C8336E /* Preview Content */,
				CF334BAE2B6F1446005A3B5C /* SoundSelectionView.swift */,
				CF334BAC2B6F0B65005A3B5C /* SettingsManager.swift */,
				CFDFD9FC2B6E719900C8336E /* Bedside_HubApp.swift */,
				CFDFDA282B6EB52B00C8336E /* WeatherConditionMapper.swift */,
			);
			path = "Bedside Hub";
			sourceTree = "<group>";
		};
		CFDFDA022B6E719B00C8336E /* Preview Content */ = {
			isa = PBXGroup;
			children = (
				CFDFDA032B6E719B00C8336E /* Preview Assets.xcassets */,
			);
			path = "Preview Content";
			sourceTree = "<group>";
		};
		CFDFDA0C2B6E719B00C8336E /* Bedside HubTests */ = {
			isa = PBXGroup;
			children = (
				CFDFDA0D2B6E719B00C8336E /* Bedside_HubTests.swift */,
			);
			path = "Bedside HubTests";
			sourceTree = "<group>";
		};
		CFDFDA162B6E719B00C8336E /* Bedside HubUITests */ = {
			isa = PBXGroup;
			children = (
				CFDFDA172B6E719B00C8336E /* Bedside_HubUITests.swift */,
				CFDFDA192B6E719B00C8336E /* Bedside_HubUITestsLaunchTests.swift */,
			);
			path = "Bedside HubUITests";
			sourceTree = "<group>";
		};
		CFFA13D42B7AFF19006D5B42 /* Indoor */ = {
			isa = PBXGroup;
			children = (
				CFFA13D52B7AFF28006D5B42 /* City.mp3 */,
				CFFA13D72B7AFF3E006D5B42 /* Cafe.mp3 */,
				CFFA13D92B7AFF5E006D5B42 /* Office.mp3 */,
				CFFA13DB2B7AFF6C006D5B42 /* Snoring.mp3 */,
				CFFA13DD2B7AFF76006D5B42 /* AirConditioner.mp3 */,
				CFFA13DF2B7AFF9B006D5B42 /* Fireplace.mp3 */,
			);
			path = Indoor;
			sourceTree = "<group>";
		};
/* End PBXGroup section */

/* Begin PBXNativeTarget section */
		CFDFD9F82B6E719900C8336E /* Bedside Hub */ = {
			isa = PBXNativeTarget;
			buildConfigurationList = CFDFDA1D2B6E719B00C8336E /* Build configuration list for PBXNativeTarget "Bedside Hub" */;
			buildPhases = (
				CFDFD9F52B6E719900C8336E /* Sources */,
				CFDFD9F62B6E719900C8336E /* Frameworks */,
				CFDFD9F72B6E719900C8336E /* Resources */,
			);
			buildRules = (
			);
			dependencies = (
			);
			name = "Bedside Hub";
			packageProductDependencies = (
				CFDFDA2B2B6EBFC600C8336E /* OpenMeteoSdk */,
				CFFA13D02B7AD70D006D5B42 /* Collections */,
			);
			productName = "Bedside Hub";
			productReference = CFDFD9F92B6E719900C8336E /* Bedside Hub.app */;
			productType = "com.apple.product-type.application";
		};
		CFDFDA082B6E719B00C8336E /* Bedside HubTests */ = {
			isa = PBXNativeTarget;
			buildConfigurationList = CFDFDA202B6E719B00C8336E /* Build configuration list for PBXNativeTarget "Bedside HubTests" */;
			buildPhases = (
				CFDFDA052B6E719B00C8336E /* Sources */,
				CFDFDA062B6E719B00C8336E /* Frameworks */,
				CFDFDA072B6E719B00C8336E /* Resources */,
			);
			buildRules = (
			);
			dependencies = (
				CFDFDA0B2B6E719B00C8336E /* PBXTargetDependency */,
			);
			name = "Bedside HubTests";
			productName = "Bedside HubTests";
			productReference = CFDFDA092B6E719B00C8336E /* Bedside HubTests.xctest */;
			productType = "com.apple.product-type.bundle.unit-test";
		};
		CFDFDA122B6E719B00C8336E /* Bedside HubUITests */ = {
			isa = PBXNativeTarget;
			buildConfigurationList = CFDFDA232B6E719B00C8336E /* Build configuration list for PBXNativeTarget "Bedside HubUITests" */;
			buildPhases = (
				CFDFDA0F2B6E719B00C8336E /* Sources */,
				CFDFDA102B6E719B00C8336E /* Frameworks */,
				CFDFDA112B6E719B00C8336E /* Resources */,
			);
			buildRules = (
			);
			dependencies = (
				CFDFDA152B6E719B00C8336E /* PBXTargetDependency */,
			);
			name = "Bedside HubUITests";
			productName = "Bedside HubUITests";
			productReference = CFDFDA132B6E719B00C8336E /* Bedside HubUITests.xctest */;
			productType = "com.apple.product-type.bundle.ui-testing";
		};
/* End PBXNativeTarget section */

/* Begin PBXProject section */
		CFDFD9F12B6E719900C8336E /* Project object */ = {
			isa = PBXProject;
			attributes = {
				BuildIndependentTargetsInParallel = 1;
				LastSwiftUpdateCheck = 1520;
				LastUpgradeCheck = 1530;
				TargetAttributes = {
					CFDFD9F82B6E719900C8336E = {
						CreatedOnToolsVersion = 15.2;
					};
					CFDFDA082B6E719B00C8336E = {
						CreatedOnToolsVersion = 15.2;
						TestTargetID = CFDFD9F82B6E719900C8336E;
					};
					CFDFDA122B6E719B00C8336E = {
						CreatedOnToolsVersion = 15.2;
						TestTargetID = CFDFD9F82B6E719900C8336E;
					};
				};
			};
			buildConfigurationList = CFDFD9F42B6E719900C8336E /* Build configuration list for PBXProject "Bedside Hub" */;
			compatibilityVersion = "Xcode 14.0";
			developmentRegion = en;
			hasScannedForEncodings = 0;
			knownRegions = (
				en,
				Base,
			);
			mainGroup = CFDFD9F02B6E719900C8336E;
			packageReferences = (
				CFDFDA2A2B6EBFC600C8336E /* XCRemoteSwiftPackageReference "sdk" */,
				CFFA13CF2B7AD70D006D5B42 /* XCRemoteSwiftPackageReference "swift-collections" */,
			);
			productRefGroup = CFDFD9FA2B6E719900C8336E /* Products */;
			projectDirPath = "";
			projectRoot = "";
			targets = (
				CFDFD9F82B6E719900C8336E /* Bedside Hub */,
				CFDFDA082B6E719B00C8336E /* Bedside HubTests */,
				CFDFDA122B6E719B00C8336E /* Bedside HubUITests */,
			);
		};
/* End PBXProject section */

/* Begin PBXResourcesBuildPhase section */
		CFDFD9F72B6E719900C8336E /* Resources */ = {
			isa = PBXResourcesBuildPhase;
			buildActionMask = 2147483647;
			files = (
				CFFA13E62B7B0019006D5B42 /* Nightscape.mp3 in Resources */,
				CF8EF6502B702ED600915B8E /* Farm.mp3 in Resources */,
				CF8EF65A2B702F2B00915B8E /* Bells.mp3 in Resources */,
				CF8EF6582B702F1800915B8E /* Piano2.mp3 in Resources */,
				CF8EF6562B702F0A00915B8E /* Birds.mp3 in Resources */,
				CFFA13DE2B7AFF76006D5B42 /* AirConditioner.mp3 in Resources */,
				CFFA13DC2B7AFF6C006D5B42 /* Snoring.mp3 in Resources */,
				CF8EF6522B702EE100915B8E /* Piano.mp3 in Resources */,
				CF8EF6432B702E2200915B8E /* Stream.mp3 in Resources */,
				CFFA13D32B7AFEFA006D5B42 /* Game.mp3 in Resources */,
				CFFA13E02B7AFF9B006D5B42 /* Fireplace.mp3 in Resources */,
				CF8EF6542B702EFD00915B8E /* Forest.mp3 in Resources */,
				CF8EF64A2B702E5A00915B8E /* Chords.mp3 in Resources */,
				CF8EF65E2B702F5800915B8E /* ForestRain.mp3 in Resources */,
				CF8EF64C2B702E8100915B8E /* Minor.mp3 in Resources */,
				CFFA13E42B7AFFC0006D5B42 /* Crickets.mp3 in Resources */,
				CFDFDA042B6E719B00C8336E /* Preview Assets.xcassets in Resources */,
				CF8EF65C2B702F5300915B8E /* RunningWater.mp3 in Resources */,
				CFFA13E22B7AFFA4006D5B42 /* Wind.mp3 in Resources */,
				CF8EF64E2B702EC500915B8E /* Space.mp3 in Resources */,
				CF8EF6452B702E2C00915B8E /* River.mp3 in Resources */,
				CF9E35DE2B70094900DDAD76 /* Uplifting.mp3 in Resources */,
				CF9E35DD2B70094900DDAD76 /* LightRain.mp3 in Resources */,
				CF8EF6412B702E1000915B8E /* Dreaming.mp3 in Resources */,
				CFDFDA012B6E719B00C8336E /* Assets.xcassets in Resources */,
				CFFA13D62B7AFF28006D5B42 /* City.mp3 in Resources */,
				CFFA13DA2B7AFF5E006D5B42 /* Office.mp3 in Resources */,
				CF8EF6602B702F6900915B8E /* EveningBirds.mp3 in Resources */,
				CF8EF6482B702E4D00915B8E /* Flute.mp3 in Resources */,
				CFFA13D82B7AFF3E006D5B42 /* Cafe.mp3 in Resources */,
			);
			runOnlyForDeploymentPostprocessing = 0;
		};
		CFDFDA072B6E719B00C8336E /* Resources */ = {
			isa = PBXResourcesBuildPhase;
			buildActionMask = 2147483647;
			files = (
			);
			runOnlyForDeploymentPostprocessing = 0;
		};
		CFDFDA112B6E719B00C8336E /* Resources */ = {
			isa = PBXResourcesBuildPhase;
			buildActionMask = 2147483647;
			files = (
			);
			runOnlyForDeploymentPostprocessing = 0;
		};
/* End PBXResourcesBuildPhase section */

/* Begin PBXSourcesBuildPhase section */
		CFDFD9F52B6E719900C8336E /* Sources */ = {
			isa = PBXSourcesBuildPhase;
			buildActionMask = 2147483647;
			files = (
				CF334BAB2B6F0945005A3B5C /* SettingsView.swift in Sources */,
				CF72341B2B82320F00F47FC5 /* DateView.swift in Sources */,
				CF334BAF2B6F1446005A3B5C /* SoundSelectionView.swift in Sources */,
				CFDFD9FF2B6E719900C8336E /* ContentView.swift in Sources */,
				CF8841AD2B6FF47500A55D6F /* ClockView.swift in Sources */,
				CF72341D2B82324D00F47FC5 /* WeatherView.swift in Sources */,
				CF334BB12B6F2F0A005A3B5C /* ImageManager.swift in Sources */,
				CF334BAD2B6F0B65005A3B5C /* SettingsManager.swift in Sources */,
				CFDFDA272B6EA36400C8336E /* WeatherService.swift in Sources */,
				CF334BB32B6F4231005A3B5C /* TimerManager.swift in Sources */,
				CFDFD9FD2B6E719900C8336E /* Bedside_HubApp.swift in Sources */,
				CFDFDA292B6EB52B00C8336E /* WeatherConditionMapper.swift in Sources */,
				CF1B9AEF2B6FBAB900A7585E /* SoundManager.swift in Sources */,
				CF8EF6622B703C9500915B8E /* SoundSelectionViewModel.swift in Sources */,
			);
			runOnlyForDeploymentPostprocessing = 0;
		};
		CFDFDA052B6E719B00C8336E /* Sources */ = {
			isa = PBXSourcesBuildPhase;
			buildActionMask = 2147483647;
			files = (
				CFDFDA0E2B6E719B00C8336E /* Bedside_HubTests.swift in Sources */,
			);
			runOnlyForDeploymentPostprocessing = 0;
		};
		CFDFDA0F2B6E719B00C8336E /* Sources */ = {
			isa = PBXSourcesBuildPhase;
			buildActionMask = 2147483647;
			files = (
				CFDFDA182B6E719B00C8336E /* Bedside_HubUITests.swift in Sources */,
				CFDFDA1A2B6E719B00C8336E /* Bedside_HubUITestsLaunchTests.swift in Sources */,
			);
			runOnlyForDeploymentPostprocessing = 0;
		};
/* End PBXSourcesBuildPhase section */

/* Begin PBXTargetDependency section */
		CFDFDA0B2B6E719B00C8336E /* PBXTargetDependency */ = {
			isa = PBXTargetDependency;
			target = CFDFD9F82B6E719900C8336E /* Bedside Hub */;
			targetProxy = CFDFDA0A2B6E719B00C8336E /* PBXContainerItemProxy */;
		};
		CFDFDA152B6E719B00C8336E /* PBXTargetDependency */ = {
			isa = PBXTargetDependency;
			target = CFDFD9F82B6E719900C8336E /* Bedside Hub */;
			targetProxy = CFDFDA142B6E719B00C8336E /* PBXContainerItemProxy */;
		};
/* End PBXTargetDependency section */

/* Begin XCBuildConfiguration section */
		CFDFDA1B2B6E719B00C8336E /* Debug */ = {
			isa = XCBuildConfiguration;
			buildSettings = {
				ALWAYS_EMBED_SWIFT_STANDARD_LIBRARIES = YES;
				ALWAYS_SEARCH_USER_PATHS = NO;
				ASSETCATALOG_COMPILER_GENERATE_SWIFT_ASSET_SYMBOL_EXTENSIONS = YES;
				CLANG_ANALYZER_NONNULL = YES;
				CLANG_ANALYZER_NUMBER_OBJECT_CONVERSION = YES_AGGRESSIVE;
				CLANG_CXX_LANGUAGE_STANDARD = "gnu++20";
				CLANG_ENABLE_MODULES = YES;
				CLANG_ENABLE_OBJC_ARC = YES;
				CLANG_ENABLE_OBJC_WEAK = YES;
				CLANG_WARN_BLOCK_CAPTURE_AUTORELEASING = YES;
				CLANG_WARN_BOOL_CONVERSION = YES;
				CLANG_WARN_COMMA = YES;
				CLANG_WARN_CONSTANT_CONVERSION = YES;
				CLANG_WARN_DEPRECATED_OBJC_IMPLEMENTATIONS = YES;
				CLANG_WARN_DIRECT_OBJC_ISA_USAGE = YES_ERROR;
				CLANG_WARN_DOCUMENTATION_COMMENTS = YES;
				CLANG_WARN_EMPTY_BODY = YES;
				CLANG_WARN_ENUM_CONVERSION = YES;
				CLANG_WARN_INFINITE_RECURSION = YES;
				CLANG_WARN_INT_CONVERSION = YES;
				CLANG_WARN_NON_LITERAL_NULL_CONVERSION = YES;
				CLANG_WARN_OBJC_IMPLICIT_RETAIN_SELF = YES;
				CLANG_WARN_OBJC_LITERAL_CONVERSION = YES;
				CLANG_WARN_OBJC_ROOT_CLASS = YES_ERROR;
				CLANG_WARN_QUOTED_INCLUDE_IN_FRAMEWORK_HEADER = YES;
				CLANG_WARN_RANGE_LOOP_ANALYSIS = YES;
				CLANG_WARN_STRICT_PROTOTYPES = YES;
				CLANG_WARN_SUSPICIOUS_MOVE = YES;
				CLANG_WARN_UNGUARDED_AVAILABILITY = YES_AGGRESSIVE;
				CLANG_WARN_UNREACHABLE_CODE = YES;
				CLANG_WARN__DUPLICATE_METHOD_MATCH = YES;
				COPY_PHASE_STRIP = NO;
				DEBUG_INFORMATION_FORMAT = dwarf;
				ENABLE_PREVIEWS = NO;
				ENABLE_STRICT_OBJC_MSGSEND = YES;
				ENABLE_TESTABILITY = YES;
				ENABLE_USER_SCRIPT_SANDBOXING = YES;
				GCC_C_LANGUAGE_STANDARD = gnu17;
				GCC_DYNAMIC_NO_PIC = NO;
				GCC_NO_COMMON_BLOCKS = YES;
				GCC_OPTIMIZATION_LEVEL = 0;
				GCC_PREPROCESSOR_DEFINITIONS = (
					"DEBUG=1",
					"$(inherited)",
				);
				GCC_WARN_64_TO_32_BIT_CONVERSION = YES;
				GCC_WARN_ABOUT_RETURN_TYPE = YES_ERROR;
				GCC_WARN_UNDECLARED_SELECTOR = YES;
				GCC_WARN_UNINITIALIZED_AUTOS = YES_AGGRESSIVE;
				GCC_WARN_UNUSED_FUNCTION = YES;
				GCC_WARN_UNUSED_VARIABLE = YES;
				INFOPLIST_KEY_LSApplicationCategoryType = "public.app-category.lifestyle";
				INFOPLIST_KEY_UIRequiresFullScreen = YES;
				INFOPLIST_KEY_UIStatusBarHidden = YES;
				IPHONEOS_DEPLOYMENT_TARGET = 15.1;
				LOCALIZATION_PREFERS_STRING_CATALOGS = YES;
				MTL_ENABLE_DEBUG_INFO = INCLUDE_SOURCE;
				MTL_FAST_MATH = YES;
				ONLY_ACTIVE_ARCH = YES;
				SDKROOT = iphoneos;
				SWIFT_ACTIVE_COMPILATION_CONDITIONS = "DEBUG $(inherited)";
				SWIFT_OPTIMIZATION_LEVEL = "-Onone";
				SWIFT_VERSION = 5.0;
			};
			name = Debug;
		};
		CFDFDA1C2B6E719B00C8336E /* Release */ = {
			isa = XCBuildConfiguration;
			buildSettings = {
				ALWAYS_EMBED_SWIFT_STANDARD_LIBRARIES = YES;
				ALWAYS_SEARCH_USER_PATHS = NO;
				ASSETCATALOG_COMPILER_GENERATE_SWIFT_ASSET_SYMBOL_EXTENSIONS = YES;
				CLANG_ANALYZER_NONNULL = YES;
				CLANG_ANALYZER_NUMBER_OBJECT_CONVERSION = YES_AGGRESSIVE;
				CLANG_CXX_LANGUAGE_STANDARD = "gnu++20";
				CLANG_ENABLE_MODULES = YES;
				CLANG_ENABLE_OBJC_ARC = YES;
				CLANG_ENABLE_OBJC_WEAK = YES;
				CLANG_WARN_BLOCK_CAPTURE_AUTORELEASING = YES;
				CLANG_WARN_BOOL_CONVERSION = YES;
				CLANG_WARN_COMMA = YES;
				CLANG_WARN_CONSTANT_CONVERSION = YES;
				CLANG_WARN_DEPRECATED_OBJC_IMPLEMENTATIONS = YES;
				CLANG_WARN_DIRECT_OBJC_ISA_USAGE = YES_ERROR;
				CLANG_WARN_DOCUMENTATION_COMMENTS = YES;
				CLANG_WARN_EMPTY_BODY = YES;
				CLANG_WARN_ENUM_CONVERSION = YES;
				CLANG_WARN_INFINITE_RECURSION = YES;
				CLANG_WARN_INT_CONVERSION = YES;
				CLANG_WARN_NON_LITERAL_NULL_CONVERSION = YES;
				CLANG_WARN_OBJC_IMPLICIT_RETAIN_SELF = YES;
				CLANG_WARN_OBJC_LITERAL_CONVERSION = YES;
				CLANG_WARN_OBJC_ROOT_CLASS = YES_ERROR;
				CLANG_WARN_QUOTED_INCLUDE_IN_FRAMEWORK_HEADER = YES;
				CLANG_WARN_RANGE_LOOP_ANALYSIS = YES;
				CLANG_WARN_STRICT_PROTOTYPES = YES;
				CLANG_WARN_SUSPICIOUS_MOVE = YES;
				CLANG_WARN_UNGUARDED_AVAILABILITY = YES_AGGRESSIVE;
				CLANG_WARN_UNREACHABLE_CODE = YES;
				CLANG_WARN__DUPLICATE_METHOD_MATCH = YES;
				COPY_PHASE_STRIP = NO;
				DEBUG_INFORMATION_FORMAT = "dwarf-with-dsym";
				ENABLE_NS_ASSERTIONS = NO;
				ENABLE_PREVIEWS = NO;
				ENABLE_STRICT_OBJC_MSGSEND = YES;
				ENABLE_USER_SCRIPT_SANDBOXING = YES;
				GCC_C_LANGUAGE_STANDARD = gnu17;
				GCC_NO_COMMON_BLOCKS = YES;
				GCC_WARN_64_TO_32_BIT_CONVERSION = YES;
				GCC_WARN_ABOUT_RETURN_TYPE = YES_ERROR;
				GCC_WARN_UNDECLARED_SELECTOR = YES;
				GCC_WARN_UNINITIALIZED_AUTOS = YES_AGGRESSIVE;
				GCC_WARN_UNUSED_FUNCTION = YES;
				GCC_WARN_UNUSED_VARIABLE = YES;
				INFOPLIST_KEY_LSApplicationCategoryType = "public.app-category.lifestyle";
				INFOPLIST_KEY_UIRequiresFullScreen = YES;
				INFOPLIST_KEY_UIStatusBarHidden = YES;
				IPHONEOS_DEPLOYMENT_TARGET = 15.1;
				LOCALIZATION_PREFERS_STRING_CATALOGS = YES;
				MTL_ENABLE_DEBUG_INFO = NO;
				MTL_FAST_MATH = YES;
				ONLY_ACTIVE_ARCH = YES;
				SDKROOT = iphoneos;
				SWIFT_COMPILATION_MODE = wholemodule;
				SWIFT_VERSION = 5.0;
				VALIDATE_PRODUCT = YES;
			};
			name = Release;
		};
		CFDFDA1E2B6E719B00C8336E /* Debug */ = {
			isa = XCBuildConfiguration;
			buildSettings = {
				ASSETCATALOG_COMPILER_APPICON_NAME = AppIcon;
				ASSETCATALOG_COMPILER_GLOBAL_ACCENT_COLOR_NAME = AccentColor;
				CODE_SIGN_IDENTITY = "Apple Development";
				CODE_SIGN_STYLE = Automatic;
				CURRENT_PROJECT_VERSION = 1;
				DEVELOPMENT_ASSET_PATHS = "\"Bedside Hub/Preview Content\"";
				DEVELOPMENT_TEAM = 8GC3P6Q65X;
				ENABLE_PREVIEWS = YES;
				GENERATE_INFOPLIST_FILE = YES;
				INFOPLIST_FILE = "Bedside-Hub-Info.plist";
				INFOPLIST_KEY_CFBundleDisplayName = "Bedside Clock";
				INFOPLIST_KEY_LSApplicationCategoryType = "public.app-category.lifestyle";
				INFOPLIST_KEY_UIApplicationSupportsIndirectInputEvents = YES;
				INFOPLIST_KEY_UILaunchScreen_Generation = YES;
				INFOPLIST_KEY_UIRequiresFullScreen = YES;
				INFOPLIST_KEY_UIStatusBarHidden = YES;
				INFOPLIST_KEY_UIStatusBarStyle = UIStatusBarStyleDarkContent;
				INFOPLIST_KEY_UISupportedInterfaceOrientations = "UIInterfaceOrientationLandscapeLeft UIInterfaceOrientationLandscapeRight UIInterfaceOrientationPortrait UIInterfaceOrientationPortraitUpsideDown";
				IPHONEOS_DEPLOYMENT_TARGET = 17.4;
				LD_RUNPATH_SEARCH_PATHS = (
					"$(inherited)",
					"@executable_path/Frameworks",
				);
				MARKETING_VERSION = 1.0;
				PRODUCT_BUNDLE_IDENTIFIER = "outwardlymild.Bedside-Hub";
				PRODUCT_NAME = "$(TARGET_NAME)";
				PROVISIONING_PROFILE_SPECIFIER = "";
				SUPPORTED_PLATFORMS = "iphoneos iphonesimulator";
				SUPPORTS_MACCATALYST = NO;
				SUPPORTS_MAC_DESIGNED_FOR_IPHONE_IPAD = NO;
				SUPPORTS_XR_DESIGNED_FOR_IPHONE_IPAD = NO;
				SWIFT_EMIT_LOC_STRINGS = YES;
				SWIFT_VERSION = 5.0;
				TARGETED_DEVICE_FAMILY = 2;
			};
			name = Debug;
		};
		CFDFDA1F2B6E719B00C8336E /* Release */ = {
			isa = XCBuildConfiguration;
			buildSettings = {
				ASSETCATALOG_COMPILER_APPICON_NAME = AppIcon;
				ASSETCATALOG_COMPILER_GLOBAL_ACCENT_COLOR_NAME = AccentColor;
				CODE_SIGN_IDENTITY = "Apple Development";
				CODE_SIGN_STYLE = Automatic;
				CURRENT_PROJECT_VERSION = 1;
				DEVELOPMENT_ASSET_PATHS = "\"Bedside Hub/Preview Content\"";
				DEVELOPMENT_TEAM = 8GC3P6Q65X;
				ENABLE_PREVIEWS = YES;
				GENERATE_INFOPLIST_FILE = YES;
				INFOPLIST_FILE = "Bedside-Hub-Info.plist";
				INFOPLIST_KEY_CFBundleDisplayName = "Bedside Clock";
				INFOPLIST_KEY_LSApplicationCategoryType = "public.app-category.lifestyle";
				INFOPLIST_KEY_UIApplicationSupportsIndirectInputEvents = YES;
				INFOPLIST_KEY_UILaunchScreen_Generation = YES;
				INFOPLIST_KEY_UIRequiresFullScreen = YES;
				INFOPLIST_KEY_UIStatusBarHidden = YES;
				INFOPLIST_KEY_UIStatusBarStyle = UIStatusBarStyleDarkContent;
				INFOPLIST_KEY_UISupportedInterfaceOrientations = "UIInterfaceOrientationLandscapeLeft UIInterfaceOrientationLandscapeRight UIInterfaceOrientationPortrait UIInterfaceOrientationPortraitUpsideDown";
				IPHONEOS_DEPLOYMENT_TARGET = 17.4;
				LD_RUNPATH_SEARCH_PATHS = (
					"$(inherited)",
					"@executable_path/Frameworks",
				);
				MARKETING_VERSION = 1.0;
				PRODUCT_BUNDLE_IDENTIFIER = "outwardlymild.Bedside-Hub";
				PRODUCT_NAME = "$(TARGET_NAME)";
				PROVISIONING_PROFILE_SPECIFIER = "";
				SUPPORTED_PLATFORMS = "iphoneos iphonesimulator";
				SUPPORTS_MACCATALYST = NO;
				SUPPORTS_MAC_DESIGNED_FOR_IPHONE_IPAD = NO;
				SUPPORTS_XR_DESIGNED_FOR_IPHONE_IPAD = NO;
				SWIFT_EMIT_LOC_STRINGS = YES;
				SWIFT_VERSION = 5.0;
				TARGETED_DEVICE_FAMILY = 2;
			};
			name = Release;
		};
		CFDFDA212B6E719B00C8336E /* Debug */ = {
			isa = XCBuildConfiguration;
			buildSettings = {
				ALWAYS_EMBED_SWIFT_STANDARD_LIBRARIES = YES;
				BUNDLE_LOADER = "$(TEST_HOST)";
				CODE_SIGN_STYLE = Automatic;
				CURRENT_PROJECT_VERSION = 1;
				GENERATE_INFOPLIST_FILE = YES;
				IPHONEOS_DEPLOYMENT_TARGET = 15.0;
				MARKETING_VERSION = 1.0;
				PRODUCT_BUNDLE_IDENTIFIER = "outwardlymild.Bedside-HubTests";
				PRODUCT_NAME = "$(TARGET_NAME)";
				SUPPORTED_PLATFORMS = "iphoneos iphonesimulator";
				SUPPORTS_MACCATALYST = NO;
				SUPPORTS_MAC_DESIGNED_FOR_IPHONE_IPAD = NO;
				SUPPORTS_XR_DESIGNED_FOR_IPHONE_IPAD = NO;
				SWIFT_EMIT_LOC_STRINGS = NO;
				SWIFT_VERSION = 5.0;
				TARGETED_DEVICE_FAMILY = "1,2";
				TEST_HOST = "$(BUILT_PRODUCTS_DIR)/Bedside Hub.app/$(BUNDLE_EXECUTABLE_FOLDER_PATH)/Bedside Hub";
			};
			name = Debug;
		};
		CFDFDA222B6E719B00C8336E /* Release */ = {
			isa = XCBuildConfiguration;
			buildSettings = {
				ALWAYS_EMBED_SWIFT_STANDARD_LIBRARIES = YES;
				BUNDLE_LOADER = "$(TEST_HOST)";
				CODE_SIGN_STYLE = Automatic;
				CURRENT_PROJECT_VERSION = 1;
				GENERATE_INFOPLIST_FILE = YES;
				IPHONEOS_DEPLOYMENT_TARGET = 15.0;
				MARKETING_VERSION = 1.0;
				PRODUCT_BUNDLE_IDENTIFIER = "outwardlymild.Bedside-HubTests";
				PRODUCT_NAME = "$(TARGET_NAME)";
				SUPPORTED_PLATFORMS = "iphoneos iphonesimulator";
				SUPPORTS_MACCATALYST = NO;
				SUPPORTS_MAC_DESIGNED_FOR_IPHONE_IPAD = NO;
				SUPPORTS_XR_DESIGNED_FOR_IPHONE_IPAD = NO;
				SWIFT_EMIT_LOC_STRINGS = NO;
				SWIFT_VERSION = 5.0;
				TARGETED_DEVICE_FAMILY = "1,2";
				TEST_HOST = "$(BUILT_PRODUCTS_DIR)/Bedside Hub.app/$(BUNDLE_EXECUTABLE_FOLDER_PATH)/Bedside Hub";
			};
			name = Release;
		};
		CFDFDA242B6E719B00C8336E /* Debug */ = {
			isa = XCBuildConfiguration;
			buildSettings = {
				ALWAYS_EMBED_SWIFT_STANDARD_LIBRARIES = YES;
				CODE_SIGN_STYLE = Automatic;
				CURRENT_PROJECT_VERSION = 1;
				GENERATE_INFOPLIST_FILE = YES;
				MARKETING_VERSION = 1.0;
				PRODUCT_BUNDLE_IDENTIFIER = "outwardlymild.Bedside-HubUITests";
				PRODUCT_NAME = "$(TARGET_NAME)";
				SUPPORTED_PLATFORMS = "iphoneos iphonesimulator";
				SUPPORTS_MACCATALYST = NO;
				SUPPORTS_MAC_DESIGNED_FOR_IPHONE_IPAD = NO;
				SUPPORTS_XR_DESIGNED_FOR_IPHONE_IPAD = NO;
				SWIFT_EMIT_LOC_STRINGS = NO;
				SWIFT_VERSION = 5.0;
				TARGETED_DEVICE_FAMILY = "1,2";
				TEST_TARGET_NAME = "Bedside Hub";
			};
			name = Debug;
		};
		CFDFDA252B6E719B00C8336E /* Release */ = {
			isa = XCBuildConfiguration;
			buildSettings = {
				ALWAYS_EMBED_SWIFT_STANDARD_LIBRARIES = YES;
				CODE_SIGN_STYLE = Automatic;
				CURRENT_PROJECT_VERSION = 1;
				GENERATE_INFOPLIST_FILE = YES;
				MARKETING_VERSION = 1.0;
				PRODUCT_BUNDLE_IDENTIFIER = "outwardlymild.Bedside-HubUITests";
				PRODUCT_NAME = "$(TARGET_NAME)";
				SUPPORTED_PLATFORMS = "iphoneos iphonesimulator";
				SUPPORTS_MACCATALYST = NO;
				SUPPORTS_MAC_DESIGNED_FOR_IPHONE_IPAD = NO;
				SUPPORTS_XR_DESIGNED_FOR_IPHONE_IPAD = NO;
				SWIFT_EMIT_LOC_STRINGS = NO;
				SWIFT_VERSION = 5.0;
				TARGETED_DEVICE_FAMILY = "1,2";
				TEST_TARGET_NAME = "Bedside Hub";
			};
			name = Release;
		};
/* End XCBuildConfiguration section */

/* Begin XCConfigurationList section */
		CFDFD9F42B6E719900C8336E /* Build configuration list for PBXProject "Bedside Hub" */ = {
			isa = XCConfigurationList;
			buildConfigurations = (
				CFDFDA1B2B6E719B00C8336E /* Debug */,
				CFDFDA1C2B6E719B00C8336E /* Release */,
			);
			defaultConfigurationIsVisible = 0;
			defaultConfigurationName = Release;
		};
		CFDFDA1D2B6E719B00C8336E /* Build configuration list for PBXNativeTarget "Bedside Hub" */ = {
			isa = XCConfigurationList;
			buildConfigurations = (
				CFDFDA1E2B6E719B00C8336E /* Debug */,
				CFDFDA1F2B6E719B00C8336E /* Release */,
			);
			defaultConfigurationIsVisible = 0;
			defaultConfigurationName = Release;
		};
		CFDFDA202B6E719B00C8336E /* Build configuration list for PBXNativeTarget "Bedside HubTests" */ = {
			isa = XCConfigurationList;
			buildConfigurations = (
				CFDFDA212B6E719B00C8336E /* Debug */,
				CFDFDA222B6E719B00C8336E /* Release */,
			);
			defaultConfigurationIsVisible = 0;
			defaultConfigurationName = Release;
		};
		CFDFDA232B6E719B00C8336E /* Build configuration list for PBXNativeTarget "Bedside HubUITests" */ = {
			isa = XCConfigurationList;
			buildConfigurations = (
				CFDFDA242B6E719B00C8336E /* Debug */,
				CFDFDA252B6E719B00C8336E /* Release */,
			);
			defaultConfigurationIsVisible = 0;
			defaultConfigurationName = Release;
		};
/* End XCConfigurationList section */

/* Begin XCRemoteSwiftPackageReference section */
		CFDFDA2A2B6EBFC600C8336E /* XCRemoteSwiftPackageReference "sdk" */ = {
			isa = XCRemoteSwiftPackageReference;
			repositoryURL = "https://github.com/open-meteo/sdk.git";
			requirement = {
				kind = exactVersion;
				version = 1.5.0;
			};
		};
		CFFA13CF2B7AD70D006D5B42 /* XCRemoteSwiftPackageReference "swift-collections" */ = {
			isa = XCRemoteSwiftPackageReference;
			repositoryURL = "https://github.com/apple/swift-collections.git";
			requirement = {
				kind = upToNextMajorVersion;
				minimumVersion = 1.1.0;
			};
		};
/* End XCRemoteSwiftPackageReference section */

/* Begin XCSwiftPackageProductDependency section */
		CFDFDA2B2B6EBFC600C8336E /* OpenMeteoSdk */ = {
			isa = XCSwiftPackageProductDependency;
			package = CFDFDA2A2B6EBFC600C8336E /* XCRemoteSwiftPackageReference "sdk" */;
			productName = OpenMeteoSdk;
		};
		CFFA13D02B7AD70D006D5B42 /* Collections */ = {
			isa = XCSwiftPackageProductDependency;
			package = CFFA13CF2B7AD70D006D5B42 /* XCRemoteSwiftPackageReference "swift-collections" */;
			productName = Collections;
		};
/* End XCSwiftPackageProductDependency section */
	};
	rootObject = CFDFD9F12B6E719900C8336E /* Project object */;
}
